
Microsoft Visual Studio Solution File, Format Version 12.00
# Visual Studio Version 17
VisualStudioVersion = 17.11.35219.272
MinimumVisualStudioVersion = 10.0.40219.1
Project("{FAE04EC0-301F-11D3-BF4B-00C04F79EFBC}") = "PhotoScan", "VideoScan.csproj", "{389E5C3A-8CE7-42E1-AB2A-21EC721D9C70}"
EndProject
Global
	GlobalSection(SolutionConfigurationPlatforms) = preSolution
		Debug|Any CPU = Debug|Any CPU
		Release|Any CPU = Release|Any CPU
	EndGlobalSection
	GlobalSection(ProjectConfigurationPlatforms) = postSolution
		{389E5C3A-8CE7-42E1-AB2A-21EC721D9C70}.Debug|Any CPU.ActiveCfg = Debug|Any CPU
		{389E5C3A-8CE7-42E1-AB2A-21EC721D9C70}.Debug|Any CPU.Build.0 = Debug|Any CPU
		{389E5C3A-8CE7-42E1-AB2A-21EC721D9C70}.Release|Any CPU.ActiveCfg = Release|Any CPU
		{389E5C3A-8CE7-42E1-AB2A-21EC721D9C70}.Release|Any CPU.Build.0 = Release|Any CPU
	EndGlobalSection
	GlobalSection(SolutionProperties) = preSolution
		HideSolutionNode = FALSE
	EndGlobalSection
	GlobalSection(ExtensibilityGlobals) = postSolution
		SolutionGuid = {D4707BD9-D904-4A3A-B026-924B187BBA4E}
	EndGlobalSection
EndGlobal
